
Microsoft Visual Studio Solution File, Format Version 9.00
# Visual Studio 2005
Project("{8BC9CEB8-8B4A-11D0-8D11-00A0C91BC942}") = "ReadDIB2", "ReadDIB2.vcproj", "{F7D894EF-3B09-434B-87F7-D1422BE81752}"
EndProject
Global
	GlobalSection(SolutionConfigurationPlatforms) = preSolution
		Debug|Win32 = Debug|Win32
		Release|Win32 = Release|Win32
	EndGlobalSection
	GlobalSection(ProjectConfigurationPlatforms) = postSolution
		{F7D894EF-3B09-434B-87F7-D1422BE81752}.Debug|Win32.ActiveCfg = Debug|Win32
		{F7D894EF-3B09-434B-87F7-D1422BE81752}.Debug|Win32.Build.0 = Debug|Win32
		{F7D894EF-3B09-434B-87F7-D1422BE81752}.Release|Win32.ActiveCfg = Release|Win32
		{F7D894EF-3B09-434B-87F7-D1422BE81752}.Release|Win32.Build.0 = Release|Win32
	EndGlobalSection
	GlobalSection(SolutionProperties) = preSolution
		HideSolutionNode = FALSE
	EndGlobalSection
EndGlobal
